
Microsoft Visual Studio Solution File, Format Version 12.00
# Visual Studio 2012
Project("{FAE04EC0-301F-11D3-BF4B-00C04F79EFBC}") = "StyleTable", "StyleTable\StyleTable.csproj", "{61F3375D-F3AF-4C14-A675-A370FC93545D}"
EndProject
Project("{FAE04EC0-301F-11D3-BF4B-00C04F79EFBC}") = "StyleTableTest", "StyleTableTest\StyleTableTest.csproj", "{5B3E2138-7F48-4F8E-A3F7-935783108D73}"
EndProject
Global
	GlobalSection(SolutionConfigurationPlatforms) = preSolution
		Debug|Any CPU = Debug|Any CPU
		Release|Any CPU = Release|Any CPU
	EndGlobalSection
	GlobalSection(ProjectConfigurationPlatforms) = postSolution
		{61F3375D-F3AF-4C14-A675-A370FC93545D}.Debug|Any CPU.ActiveCfg = Debug|Any CPU
		{61F3375D-F3AF-4C14-A675-A370FC93545D}.Debug|Any CPU.Build.0 = Debug|Any CPU
		{61F3375D-F3AF-4C14-A675-A370FC93545D}.Release|Any CPU.ActiveCfg = Release|Any CPU
		{61F3375D-F3AF-4C14-A675-A370FC93545D}.Release|Any CPU.Build.0 = Release|Any CPU
		{5B3E2138-7F48-4F8E-A3F7-935783108D73}.Debug|Any CPU.ActiveCfg = Debug|Any CPU
		{5B3E2138-7F48-4F8E-A3F7-935783108D73}.Debug|Any CPU.Build.0 = Debug|Any CPU
		{5B3E2138-7F48-4F8E-A3F7-935783108D73}.Release|Any CPU.ActiveCfg = Release|Any CPU
		{5B3E2138-7F48-4F8E-A3F7-935783108D73}.Release|Any CPU.Build.0 = Release|Any CPU
	EndGlobalSection
	GlobalSection(SolutionProperties) = preSolution
		HideSolutionNode = FALSE
	EndGlobalSection
EndGlobal
